// !$*UTF8*$!
{
	archiveVersion = 1;
	classes = {
	};
	objectVersion = 50;
	objects = {

/* Begin PBXBuildFile section */
		18F512D122C5021C0097E6BD /* AppDelegate.swift in Sources */ = {isa = PBXBuildFile; fileRef = 18F512D022C5021C0097E6BD /* AppDelegate.swift */; };
		18F512D322C5021C0097E6BD /* ViewController.swift in Sources */ = {isa = PBXBuildFile; fileRef = 18F512D222C5021C0097E6BD /* ViewController.swift */; };
		18F512D622C5021C0097E6BD /* Main.storyboard in Resources */ = {isa = PBXBuildFile; fileRef = 18F512D422C5021C0097E6BD /* Main.storyboard */; };
		18F512D922C5021C0097E6BD /* finalTipsPractice.xcdatamodeld in Sources */ = {isa = PBXBuildFile; fileRef = 18F512D722C5021C0097E6BD /* finalTipsPractice.xcdatamodeld */; };
		18F512DB22C5021D0097E6BD /* Assets.xcassets in Resources */ = {isa = PBXBuildFile; fileRef = 18F512DA22C5021D0097E6BD /* Assets.xcassets */; };
		18F512DE22C5021D0097E6BD /* LaunchScreen.storyboard in Resources */ = {isa = PBXBuildFile; fileRef = 18F512DC22C5021D0097E6BD /* LaunchScreen.storyboard */; };
		18F512E922C5021E0097E6BD /* finalTipsPracticeTests.swift in Sources */ = {isa = PBXBuildFile; fileRef = 18F512E822C5021E0097E6BD /* finalTipsPracticeTests.swift */; };
		18F512F422C5021E0097E6BD /* finalTipsPracticeUITests.swift in Sources */ = {isa = PBXBuildFile; fileRef = 18F512F322C5021E0097E6BD /* finalTipsPracticeUITests.swift */; };
/* End PBXBuildFile section */

/* Begin PBXContainerItemProxy section */
		18F512E522C5021E0097E6BD /* PBXContainerItemProxy */ = {
			isa = PBXContainerItemProxy;
			containerPortal = 18F512C522C5021C0097E6BD /* Project object */;
			proxyType = 1;
			remoteGlobalIDString = 18F512CC22C5021C0097E6BD;
			remoteInfo = finalTipsPractice;
		};
		18F512F022C5021E0097E6BD /* PBXContainerItemProxy */ = {
			isa = PBXContainerItemProxy;
			containerPortal = 18F512C522C5021C0097E6BD /* Project object */;
			proxyType = 1;
			remoteGlobalIDString = 18F512CC22C5021C0097E6BD;
			remoteInfo = finalTipsPractice;
		};
/* End PBXContainerItemProxy section */

/* Begin PBXFileReference section */
		18F512CD22C5021C0097E6BD /* finalTipsPractice.app */ = {isa = PBXFileReference; explicitFileType = wrapper.application; includeInIndex = 0; path = finalTipsPractice.app; sourceTree = BUILT_PRODUCTS_DIR; };
		18F512D022C5021C0097E6BD /* AppDelegate.swift */ = {isa = PBXFileReference; lastKnownFileType = sourcecode.swift; path = AppDelegate.swift; sourceTree = "<group>"; };
		18F512D222C5021C0097E6BD /* ViewController.swift */ = {isa = PBXFileReference; lastKnownFileType = sourcecode.swift; path = ViewController.swift; sourceTree = "<group>"; };
		18F512D522C5021C0097E6BD /* Base */ = {isa = PBXFileReference; lastKnownFileType = file.storyboard; name = Base; path = Base.lproj/Main.storyboard; sourceTree = "<group>"; };
		18F512D822C5021C0097E6BD /* finalTipsPractice.xcdatamodel */ = {isa = PBXFileReference; lastKnownFileType = wrapper.xcdatamodel; path = finalTipsPractice.xcdatamodel; sourceTree = "<group>"; };
		18F512DA22C5021D0097E6BD /* Assets.xcassets */ = {isa = PBXFileReference; lastKnownFileType = folder.assetcatalog; path = Assets.xcassets; sourceTree = "<group>"; };
		18F512DD22C5021D0097E6BD /* Base */ = {isa = PBXFileReference; lastKnownFileType = file.storyboard; name = Base; path = Base.lproj/LaunchScreen.storyboard; sourceTree = "<group>"; };
		18F512DF22C5021D0097E6BD /* Info.plist */ = {isa = PBXFileReference; lastKnownFileType = text.plist.xml; path = Info.plist; sourceTree = "<group>"; };
		18F512E422C5021E0097E6BD /* finalTipsPracticeTests.xctest */ = {isa = PBXFileReference; explicitFileType = wrapper.cfbundle; includeInIndex = 0; path = finalTipsPracticeTests.xctest; sourceTree = BUILT_PRODUCTS_DIR; };
		18F512E822C5021E0097E6BD /* finalTipsPracticeTests.swift */ = {isa = PBXFileReference; lastKnownFileType = sourcecode.swift; path = finalTipsPracticeTests.swift; sourceTree = "<group>"; };
		18F512EA22C5021E0097E6BD /* Info.plist */ = {isa = PBXFileReference; lastKnownFileType = text.plist.xml; path = Info.plist; sourceTree = "<group>"; };
		18F512EF22C5021E0097E6BD /* finalTipsPracticeUITests.xctest */ = {isa = PBXFileReference; explicitFileType = wrapper.cfbundle; includeInIndex = 0; path = finalTipsPracticeUITests.xctest; sourceTree = BUILT_PRODUCTS_DIR; };
		18F512F322C5021E0097E6BD /* finalTipsPracticeUITests.swift */ = {isa = PBXFileReference; lastKnownFileType = sourcecode.swift; path = finalTipsPracticeUITests.swift; sourceTree = "<group>"; };
		18F512F522C5021E0097E6BD /* Info.plist */ = {isa = PBXFileReference; lastKnownFileType = text.plist.xml; path = Info.plist; sourceTree = "<group>"; };
/* End PBXFileReference section */

/* Begin PBXFrameworksBuildPhase section */
		18F512CA22C5021C0097E6BD /* Frameworks */ = {
			isa = PBXFrameworksBuildPhase;
			buildActionMask = 2147483647;
			files = (
			);
			runOnlyForDeploymentPostprocessing = 0;
		};
		18F512E122C5021E0097E6BD /* Frameworks */ = {
			isa = PBXFrameworksBuildPhase;
			buildActionMask = 2147483647;
			files = (
			);
			runOnlyForDeploymentPostprocessing = 0;
		};
		18F512EC22C5021E0097E6BD /* Frameworks */ = {
			isa = PBXFrameworksBuildPhase;
			buildActionMask = 2147483647;
			files = (
			);
			runOnlyForDeploymentPostprocessing = 0;
		};
/* End PBXFrameworksBuildPhase section */

/* Begin PBXGroup section */
		18F512C422C5021C0097E6BD = {
			isa = PBXGroup;
			children = (
				18F512CF22C5021C0097E6BD /* finalTipsPractice */,
				18F512E722C5021E0097E6BD /* finalTipsPracticeTests */,
				18F512F222C5021E0097E6BD /* finalTipsPracticeUITests */,
				18F512CE22C5021C0097E6BD /* Products */,
			);
			sourceTree = "<group>";
		};
		18F512CE22C5021C0097E6BD /* Products */ = {
			isa = PBXGroup;
			children = (
				18F512CD22C5021C0097E6BD /* finalTipsPractice.app */,
				18F512E422C5021E0097E6BD /* finalTipsPracticeTests.xctest */,
				18F512EF22C5021E0097E6BD /* finalTipsPracticeUITests.xctest */,
			);
			name = Products;
			sourceTree = "<group>";
		};
		18F512CF22C5021C0097E6BD /* finalTipsPractice */ = {
			isa = PBXGroup;
			children = (
				18F512D022C5021C0097E6BD /* AppDelegate.swift */,
				18F512D222C5021C0097E6BD /* ViewController.swift */,
				18F512D422C5021C0097E6BD /* Main.storyboard */,
				18F512DA22C5021D0097E6BD /* Assets.xcassets */,
				18F512DC22C5021D0097E6BD /* LaunchScreen.storyboard */,
				18F512DF22C5021D0097E6BD /* Info.plist */,
				18F512D722C5021C0097E6BD /* finalTipsPractice.xcdatamodeld */,
			);
			path = finalTipsPractice;
			sourceTree = "<group>";
		};
		18F512E722C5021E0097E6BD /* finalTipsPracticeTests */ = {
			isa = PBXGroup;
			children = (
				18F512E822C5021E0097E6BD /* finalTipsPracticeTests.swift */,
				18F512EA22C5021E0097E6BD /* Info.plist */,
			);
			path = finalTipsPracticeTests;
			sourceTree = "<group>";
		};
		18F512F222C5021E0097E6BD /* finalTipsPracticeUITests */ = {
			isa = PBXGroup;
			children = (
				18F512F322C5021E0097E6BD /* finalTipsPracticeUITests.swift */,
				18F512F522C5021E0097E6BD /* Info.plist */,
			);
			path = finalTipsPracticeUITests;
			sourceTree = "<group>";
		};
/* End PBXGroup section */

/* Begin PBXNativeTarget section */
		18F512CC22C5021C0097E6BD /* finalTipsPractice */ = {
			isa = PBXNativeTarget;
			buildConfigurationList = 18F512F822C5021E0097E6BD /* Build configuration list for PBXNativeTarget "finalTipsPractice" */;
			buildPhases = (
				18F512C922C5021C0097E6BD /* Sources */,
				18F512CA22C5021C0097E6BD /* Frameworks */,
				18F512CB22C5021C0097E6BD /* Resources */,
			);
			buildRules = (
			);
			dependencies = (
			);
			name = finalTipsPractice;
			productName = finalTipsPractice;
			productReference = 18F512CD22C5021C0097E6BD /* finalTipsPractice.app */;
			productType = "com.apple.product-type.application";
		};
		18F512E322C5021E0097E6BD /* finalTipsPracticeTests */ = {
			isa = PBXNativeTarget;
			buildConfigurationList = 18F512FB22C5021E0097E6BD /* Build configuration list for PBXNativeTarget "finalTipsPracticeTests" */;
			buildPhases = (
				18F512E022C5021E0097E6BD /* Sources */,
				18F512E122C5021E0097E6BD /* Frameworks */,
				18F512E222C5021E0097E6BD /* Resources */,
			);
			buildRules = (
			);
			dependencies = (
				18F512E622C5021E0097E6BD /* PBXTargetDependency */,
			);
			name = finalTipsPracticeTests;
			productName = finalTipsPracticeTests;
			productReference = 18F512E422C5021E0097E6BD /* finalTipsPracticeTests.xctest */;
			productType = "com.apple.product-type.bundle.unit-test";
		};
		18F512EE22C5021E0097E6BD /* finalTipsPracticeUITests */ = {
			isa = PBXNativeTarget;
			buildConfigurationList = 18F512FE22C5021E0097E6BD /* Build configuration list for PBXNativeTarget "finalTipsPracticeUITests" */;
			buildPhases = (
				18F512EB22C5021E0097E6BD /* Sources */,
				18F512EC22C5021E0097E6BD /* Frameworks */,
				18F512ED22C5021E0097E6BD /* Resources */,
			);
			buildRules = (
			);
			dependencies = (
				18F512F122C5021E0097E6BD /* PBXTargetDependency */,
			);
			name = finalTipsPracticeUITests;
			productName = finalTipsPracticeUITests;
			productReference = 18F512EF22C5021E0097E6BD /* finalTipsPracticeUITests.xctest */;
			productType = "com.apple.product-type.bundle.ui-testing";
		};
/* End PBXNativeTarget section */

/* Begin PBXProject section */
		18F512C522C5021C0097E6BD /* Project object */ = {
			isa = PBXProject;
			attributes = {
				LastSwiftUpdateCheck = 1020;
				LastUpgradeCheck = 1020;
				ORGANIZATIONNAME = Apple;
				TargetAttributes = {
					18F512CC22C5021C0097E6BD = {
						CreatedOnToolsVersion = 10.2.1;
					};
					18F512E322C5021E0097E6BD = {
						CreatedOnToolsVersion = 10.2.1;
						TestTargetID = 18F512CC22C5021C0097E6BD;
					};
					18F512EE22C5021E0097E6BD = {
						CreatedOnToolsVersion = 10.2.1;
						TestTargetID = 18F512CC22C5021C0097E6BD;
					};
				};
			};
			buildConfigurationList = 18F512C822C5021C0097E6BD /* Build configuration list for PBXProject "finalTipsPractice" */;
			compatibilityVersion = "Xcode 9.3";
			developmentRegion = en;
			hasScannedForEncodings = 0;
			knownRegions = (
				en,
				Base,
			);
			mainGroup = 18F512C422C5021C0097E6BD;
			productRefGroup = 18F512CE22C5021C0097E6BD /* Products */;
			projectDirPath = "";
			projectRoot = "";
			targets = (
				18F512CC22C5021C0097E6BD /* finalTipsPractice */,
				18F512E322C5021E0097E6BD /* finalTipsPracticeTests */,
				18F512EE22C5021E0097E6BD /* finalTipsPracticeUITests */,
			);
		};
/* End PBXProject section */

/* Begin PBXResourcesBuildPhase section */
		18F512CB22C5021C0097E6BD /* Resources */ = {
			isa = PBXResourcesBuildPhase;
			buildActionMask = 2147483647;
			files = (
				18F512DE22C5021D0097E6BD /* LaunchScreen.storyboard in Resources */,
				18F512DB22C5021D0097E6BD /* Assets.xcassets in Resources */,
				18F512D622C5021C0097E6BD /* Main.storyboard in Resources */,
			);
			runOnlyForDeploymentPostprocessing = 0;
		};
		18F512E222C5021E0097E6BD /* Resources */ = {
			isa = PBXResourcesBuildPhase;
			buildActionMask = 2147483647;
			files = (
			);
			runOnlyForDeploymentPostprocessing = 0;
		};
		18F512ED22C5021E0097E6BD /* Resources */ = {
			isa = PBXResourcesBuildPhase;
			buildActionMask = 2147483647;
			files = (
			);
			runOnlyForDeploymentPostprocessing = 0;
		};
/* End PBXResourcesBuildPhase section */

/* Begin PBXSourcesBuildPhase section */
		18F512C922C5021C0097E6BD /* Sources */ = {
			isa = PBXSourcesBuildPhase;
			buildActionMask = 2147483647;
			files = (
				18F512D322C5021C0097E6BD /* ViewController.swift in Sources */,
				18F512D922C5021C0097E6BD /* finalTipsPractice.xcdatamodeld in Sources */,
				18F512D122C5021C0097E6BD /* AppDelegate.swift in Sources */,
			);
			runOnlyForDeploymentPostprocessing = 0;
		};
		18F512E022C5021E0097E6BD /* Sources */ = {
			isa = PBXSourcesBuildPhase;
			buildActionMask = 2147483647;
			files = (
				18F512E922C5021E0097E6BD /* finalTipsPracticeTests.swift in Sources */,
			);
			runOnlyForDeploymentPostprocessing = 0;
		};
		18F512EB22C5021E0097E6BD /* Sources */ = {
			isa = PBXSourcesBuildPhase;
			buildActionMask = 2147483647;
			files = (
				18F512F422C5021E0097E6BD /* finalTipsPracticeUITests.swift in Sources */,
			);
			runOnlyForDeploymentPostprocessing = 0;
		};
/* End PBXSourcesBuildPhase section */

/* Begin PBXTargetDependency section */
		18F512E622C5021E0097E6BD /* PBXTargetDependency */ = {
			isa = PBXTargetDependency;
			target = 18F512CC22C5021C0097E6BD /* finalTipsPractice */;
			targetProxy = 18F512E522C5021E0097E6BD /* PBXContainerItemProxy */;
		};
		18F512F122C5021E0097E6BD /* PBXTargetDependency */ = {
			isa = PBXTargetDependency;
			target = 18F512CC22C5021C0097E6BD /* finalTipsPractice */;
			targetProxy = 18F512F022C5021E0097E6BD /* PBXContainerItemProxy */;
		};
/* End PBXTargetDependency section */

/* Begin PBXVariantGroup section */
		18F512D422C5021C0097E6BD /* Main.storyboard */ = {
			isa = PBXVariantGroup;
			children = (
				18F512D522C5021C0097E6BD /* Base */,
			);
			name = Main.storyboard;
			sourceTree = "<group>";
		};
		18F512DC22C5021D0097E6BD /* LaunchScreen.storyboard */ = {
			isa = PBXVariantGroup;
			children = (
				18F512DD22C5021D0097E6BD /* Base */,
			);
			name = LaunchScreen.storyboard;
			sourceTree = "<group>";
		};
/* End PBXVariantGroup section */

/* Begin XCBuildConfiguration section */
		18F512F622C5021E0097E6BD /* Debug */ = {
			isa = XCBuildConfiguration;
			buildSettings = {
				ALWAYS_SEARCH_USER_PATHS = NO;
				CLANG_ANALYZER_NONNULL = YES;
				CLANG_ANALYZER_NUMBER_OBJECT_CONVERSION = YES_AGGRESSIVE;
				CLANG_CXX_LANGUAGE_STANDARD = "gnu++14";
				CLANG_CXX_LIBRARY = "libc++";
				CLANG_ENABLE_MODULES = YES;
				CLANG_ENABLE_OBJC_ARC = YES;
				CLANG_ENABLE_OBJC_WEAK = YES;
				CLANG_WARN_BLOCK_CAPTURE_AUTORELEASING = YES;
				CLANG_WARN_BOOL_CONVERSION = YES;
				CLANG_WARN_COMMA = YES;
				CLANG_WARN_CONSTANT_CONVERSION = YES;
				CLANG_WARN_DEPRECATED_OBJC_IMPLEMENTATIONS = YES;
				CLANG_WARN_DIRECT_OBJC_ISA_USAGE = YES_ERROR;
				CLANG_WARN_DOCUMENTATION_COMMENTS = YES;
				CLANG_WARN_EMPTY_BODY = YES;
				CLANG_WARN_ENUM_CONVERSION = YES;
				CLANG_WARN_INFINITE_RECURSION = YES;
				CLANG_WARN_INT_CONVERSION = YES;
				CLANG_WARN_NON_LITERAL_NULL_CONVERSION = YES;
				CLANG_WARN_OBJC_IMPLICIT_RETAIN_SELF = YES;
				CLANG_WARN_OBJC_LITERAL_CONVERSION = YES;
				CLANG_WARN_OBJC_ROOT_CLASS = YES_ERROR;
				CLANG_WARN_RANGE_LOOP_ANALYSIS = YES;
				CLANG_WARN_STRICT_PROTOTYPES = YES;
				CLANG_WARN_SUSPICIOUS_MOVE = YES;
				CLANG_WARN_UNGUARDED_AVAILABILITY = YES_AGGRESSIVE;
				CLANG_WARN_UNREACHABLE_CODE = YES;
				CLANG_WARN__DUPLICATE_METHOD_MATCH = YES;
				CODE_SIGN_IDENTITY = "iPhone Developer";
				COPY_PHASE_STRIP = NO;
				DEBUG_INFORMATION_FORMAT = dwarf;
				ENABLE_STRICT_OBJC_MSGSEND = YES;
				ENABLE_TESTABILITY = YES;
				GCC_C_LANGUAGE_STANDARD = gnu11;
				GCC_DYNAMIC_NO_PIC = NO;
				GCC_NO_COMMON_BLOCKS = YES;
				GCC_OPTIMIZATION_LEVEL = 0;
				GCC_PREPROCESSOR_DEFINITIONS = (
					"DEBUG=1",
					"$(inherited)",
				);
				GCC_WARN_64_TO_32_BIT_CONVERSION = YES;
				GCC_WARN_ABOUT_RETURN_TYPE = YES_ERROR;
				GCC_WARN_UNDECLARED_SELECTOR = YES;
				GCC_WARN_UNINITIALIZED_AUTOS = YES_AGGRESSIVE;
				GCC_WARN_UNUSED_FUNCTION = YES;
				GCC_WARN_UNUSED_VARIABLE = YES;
				IPHONEOS_DEPLOYMENT_TARGET = 12.2;
				MTL_ENABLE_DEBUG_INFO = INCLUDE_SOURCE;
				MTL_FAST_MATH = YES;
				ONLY_ACTIVE_ARCH = YES;
				SDKROOT = iphoneos;
				SWIFT_ACTIVE_COMPILATION_CONDITIONS = DEBUG;
				SWIFT_OPTIMIZATION_LEVEL = "-Onone";
			};
			name = Debug;
		};
		18F512F722C5021E0097E6BD /* Release */ = {
			isa = XCBuildConfiguration;
			buildSettings = {
				ALWAYS_SEARCH_USER_PATHS = NO;
				CLANG_ANALYZER_NONNULL = YES;
				CLANG_ANALYZER_NUMBER_OBJECT_CONVERSION = YES_AGGRESSIVE;
				CLANG_CXX_LANGUAGE_STANDARD = "gnu++14";
				CLANG_CXX_LIBRARY = "libc++";
				CLANG_ENABLE_MODULES = YES;
				CLANG_ENABLE_OBJC_ARC = YES;
				CLANG_ENABLE_OBJC_WEAK = YES;
				CLANG_WARN_BLOCK_CAPTURE_AUTORELEASING = YES;
				CLANG_WARN_BOOL_CONVERSION = YES;
				CLANG_WARN_COMMA = YES;
				CLANG_WARN_CONSTANT_CONVERSION = YES;
				CLANG_WARN_DEPRECATED_OBJC_IMPLEMENTATIONS = YES;
				CLANG_WARN_DIRECT_OBJC_ISA_USAGE = YES_ERROR;
				CLANG_WARN_DOCUMENTATION_COMMENTS = YES;
				CLANG_WARN_EMPTY_BODY = YES;
				CLANG_WARN_ENUM_CONVERSION = YES;
				CLANG_WARN_INFINITE_RECURSION = YES;
				CLANG_WARN_INT_CONVERSION = YES;
				CLANG_WARN_NON_LITERAL_NULL_CONVERSION = YES;
				CLANG_WARN_OBJC_IMPLICIT_RETAIN_SELF = YES;
				CLANG_WARN_OBJC_LITERAL_CONVERSION = YES;
				CLANG_WARN_OBJC_ROOT_CLASS = YES_ERROR;
				CLANG_WARN_RANGE_LOOP_ANALYSIS = YES;
				CLANG_WARN_STRICT_PROTOTYPES = YES;
				CLANG_WARN_SUSPICIOUS_MOVE = YES;
				CLANG_WARN_UNGUARDED_AVAILABILITY = YES_AGGRESSIVE;
				CLANG_WARN_UNREACHABLE_CODE = YES;
				CLANG_WARN__DUPLICATE_METHOD_MATCH = YES;
				CODE_SIGN_IDENTITY = "iPhone Developer";
				COPY_PHASE_STRIP = NO;
				DEBUG_INFORMATION_FORMAT = "dwarf-with-dsym";
				ENABLE_NS_ASSERTIONS = NO;
				ENABLE_STRICT_OBJC_MSGSEND = YES;
				GCC_C_LANGUAGE_STANDARD = gnu11;
				GCC_NO_COMMON_BLOCKS = YES;
				GCC_WARN_64_TO_32_BIT_CONVERSION = YES;
				GCC_WARN_ABOUT_RETURN_TYPE = YES_ERROR;
				GCC_WARN_UNDECLARED_SELECTOR = YES;
				GCC_WARN_UNINITIALIZED_AUTOS = YES_AGGRESSIVE;
				GCC_WARN_UNUSED_FUNCTION = YES;
				GCC_WARN_UNUSED_VARIABLE = YES;
				IPHONEOS_DEPLOYMENT_TARGET = 12.2;
				MTL_ENABLE_DEBUG_INFO = NO;
				MTL_FAST_MATH = YES;
				SDKROOT = iphoneos;
				SWIFT_COMPILATION_MODE = wholemodule;
				SWIFT_OPTIMIZATION_LEVEL = "-O";
				VALIDATE_PRODUCT = YES;
			};
			name = Release;
		};
		18F512F922C5021E0097E6BD /* Debug */ = {
			isa = XCBuildConfiguration;
			buildSettings = {
				ASSETCATALOG_COMPILER_APPICON_NAME = AppIcon;
				CODE_SIGN_STYLE = Automatic;
				DEVELOPMENT_TEAM = 65F5394439;
				INFOPLIST_FILE = finalTipsPractice/Info.plist;
				LD_RUNPATH_SEARCH_PATHS = (
					"$(inherited)",
					"@executable_path/Frameworks",
				);
				PRODUCT_BUNDLE_IDENTIFIER = "Athena-Salomons.finalTipsPractice";
				PRODUCT_NAME = "$(TARGET_NAME)";
				SWIFT_VERSION = 5.0;
				TARGETED_DEVICE_FAMILY = "1,2";
			};
			name = Debug;
		};
		18F512FA22C5021E0097E6BD /* Release */ = {
			isa = XCBuildConfiguration;
			buildSettings = {
				ASSETCATALOG_COMPILER_APPICON_NAME = AppIcon;
				CODE_SIGN_STYLE = Automatic;
				DEVELOPMENT_TEAM = 65F5394439;
				INFOPLIST_FILE = finalTipsPractice/Info.plist;
				LD_RUNPATH_SEARCH_PATHS = (
					"$(inherited)",
					"@executable_path/Frameworks",
				);
				PRODUCT_BUNDLE_IDENTIFIER = "Athena-Salomons.finalTipsPractice";
				PRODUCT_NAME = "$(TARGET_NAME)";
				SWIFT_VERSION = 5.0;
				TARGETED_DEVICE_FAMILY = "1,2";
			};
			name = Release;
		};
		18F512FC22C5021E0097E6BD /* Debug */ = {
			isa = XCBuildConfiguration;
			buildSettings = {
				ALWAYS_EMBED_SWIFT_STANDARD_LIBRARIES = YES;
				BUNDLE_LOADER = "$(TEST_HOST)";
				CODE_SIGN_STYLE = Automatic;
				DEVELOPMENT_TEAM = 65F5394439;
				INFOPLIST_FILE = finalTipsPracticeTests/Info.plist;
				LD_RUNPATH_SEARCH_PATHS = (
					"$(inherited)",
					"@executable_path/Frameworks",
					"@loader_path/Frameworks",
				);
				PRODUCT_BUNDLE_IDENTIFIER = "Athena-Salomons.finalTipsPracticeTests";
				PRODUCT_NAME = "$(TARGET_NAME)";
				SWIFT_VERSION = 5.0;
				TARGETED_DEVICE_FAMILY = "1,2";
				TEST_HOST = "$(BUILT_PRODUCTS_DIR)/finalTipsPractice.app/finalTipsPractice";
			};
			name = Debug;
		};
		18F512FD22C5021E0097E6BD /* Release */ = {
			isa = XCBuildConfiguration;
			buildSettings = {
				ALWAYS_EMBED_SWIFT_STANDARD_LIBRARIES = YES;
				BUNDLE_LOADER = "$(TEST_HOST)";
				CODE_SIGN_STYLE = Automatic;
				DEVELOPMENT_TEAM = 65F5394439;
				INFOPLIST_FILE = finalTipsPracticeTests/Info.plist;
				LD_RUNPATH_SEARCH_PATHS = (
					"$(inherited)",
					"@executable_path/Frameworks",
					"@loader_path/Frameworks",
				);
				PRODUCT_BUNDLE_IDENTIFIER = "Athena-Salomons.finalTipsPracticeTests";
				PRODUCT_NAME = "$(TARGET_NAME)";
				SWIFT_VERSION = 5.0;
				TARGETED_DEVICE_FAMILY = "1,2";
				TEST_HOST = "$(BUILT_PRODUCTS_DIR)/finalTipsPractice.app/finalTipsPractice";
			};
			name = Release;
		};
		18F512FF22C5021E0097E6BD /* Debug */ = {
			isa = XCBuildConfiguration;
			buildSettings = {
				ALWAYS_EMBED_SWIFT_STANDARD_LIBRARIES = YES;
				CODE_SIGN_STYLE = Automatic;
				DEVELOPMENT_TEAM = 65F5394439;
				INFOPLIST_FILE = finalTipsPracticeUITests/Info.plist;
				LD_RUNPATH_SEARCH_PATHS = (
					"$(inherited)",
					"@executable_path/Frameworks",
					"@loader_path/Frameworks",
				);
				PRODUCT_BUNDLE_IDENTIFIER = "Athena-Salomons.finalTipsPracticeUITests";
				PRODUCT_NAME = "$(TARGET_NAME)";
				SWIFT_VERSION = 5.0;
				TARGETED_DEVICE_FAMILY = "1,2";
				TEST_TARGET_NAME = finalTipsPractice;
			};
			name = Debug;
		};
		18F5130022C5021E0097E6BD /* Release */ = {
			isa = XCBuildConfiguration;
			buildSettings = {
				ALWAYS_EMBED_SWIFT_STANDARD_LIBRARIES = YES;
				CODE_SIGN_STYLE = Automatic;
				DEVELOPMENT_TEAM = 65F5394439;
				INFOPLIST_FILE = finalTipsPracticeUITests/Info.plist;
				LD_RUNPATH_SEARCH_PATHS = (
					"$(inherited)",
					"@executable_path/Frameworks",
					"@loader_path/Frameworks",
				);
				PRODUCT_BUNDLE_IDENTIFIER = "Athena-Salomons.finalTipsPracticeUITests";
				PRODUCT_NAME = "$(TARGET_NAME)";
				SWIFT_VERSION = 5.0;
				TARGETED_DEVICE_FAMILY = "1,2";
				TEST_TARGET_NAME = finalTipsPractice;
			};
			name = Release;
		};
/* End XCBuildConfiguration section */

/* Begin XCConfigurationList section */
		18F512C822C5021C0097E6BD /* Build configuration list for PBXProject "finalTipsPractice" */ = {
			isa = XCConfigurationList;
			buildConfigurations = (
				18F512F622C5021E0097E6BD /* Debug */,
				18F512F722C5021E0097E6BD /* Release */,
			);
			defaultConfigurationIsVisible = 0;
			defaultConfigurationName = Release;
		};
		18F512F822C5021E0097E6BD /* Build configuration list for PBXNativeTarget "finalTipsPractice" */ = {
			isa = XCConfigurationList;
			buildConfigurations = (
				18F512F922C5021E0097E6BD /* Debug */,
				18F512FA22C5021E0097E6BD /* Release */,
			);
			defaultConfigurationIsVisible = 0;
			defaultConfigurationName = Release;
		};
		18F512FB22C5021E0097E6BD /* Build configuration list for PBXNativeTarget "finalTipsPracticeTests" */ = {
			isa = XCConfigurationList;
			buildConfigurations = (
				18F512FC22C5021E0097E6BD /* Debug */,
				18F512FD22C5021E0097E6BD /* Release */,
			);
			defaultConfigurationIsVisible = 0;
			defaultConfigurationName = Release;
		};
		18F512FE22C5021E0097E6BD /* Build configuration list for PBXNativeTarget "finalTipsPracticeUITests" */ = {
			isa = XCConfigurationList;
			buildConfigurations = (
				18F512FF22C5021E0097E6BD /* Debug */,
				18F5130022C5021E0097E6BD /* Release */,
			);
			defaultConfigurationIsVisible = 0;
			defaultConfigurationName = Release;
		};
/* End XCConfigurationList section */

/* Begin XCVersionGroup section */
		18F512D722C5021C0097E6BD /* finalTipsPractice.xcdatamodeld */ = {
			isa = XCVersionGroup;
			children = (
				18F512D822C5021C0097E6BD /* finalTipsPractice.xcdatamodel */,
			);
			currentVersion = 18F512D822C5021C0097E6BD /* finalTipsPractice.xcdatamodel */;
			path = finalTipsPractice.xcdatamodeld;
			sourceTree = "<group>";
			versionGroupType = wrapper.xcdatamodel;
		};
/* End XCVersionGroup section */
	};
	rootObject = 18F512C522C5021C0097E6BD /* Project object */;
}
